
Microsoft Visual Studio Solution File, Format Version 12.00
# Visual Studio 15
VisualStudioVersion = 15.0.28307.1433
MinimumVisualStudioVersion = 10.0.40219.1
Project("{FAE04EC0-301F-11D3-BF4B-00C04F79EFBC}") = "ChatSocketApp", "ChatSocketApp\ChatSocketApp.csproj", "{7685059D-FC7F-43AD-82CC-34CC91A968C1}"
EndProject
Project("{FAE04EC0-301F-11D3-BF4B-00C04F79EFBC}") = "ClienteSocketApp", "ClienteSocketApp\ClienteSocketApp.csproj", "{4C164F4E-D6CE-471C-8CF9-4D75696E1CE7}"
EndProject
Global
	GlobalSection(SolutionConfigurationPlatforms) = preSolution
		Debug|Any CPU = Debug|Any CPU
		Release|Any CPU = Release|Any CPU
	EndGlobalSection
	GlobalSection(ProjectConfigurationPlatforms) = postSolution
		{7685059D-FC7F-43AD-82CC-34CC91A968C1}.Debug|Any CPU.ActiveCfg = Debug|Any CPU
		{7685059D-FC7F-43AD-82CC-34CC91A968C1}.Debug|Any CPU.Build.0 = Debug|Any CPU
		{7685059D-FC7F-43AD-82CC-34CC91A968C1}.Release|Any CPU.ActiveCfg = Release|Any CPU
		{7685059D-FC7F-43AD-82CC-34CC91A968C1}.Release|Any CPU.Build.0 = Release|Any CPU
		{4C164F4E-D6CE-471C-8CF9-4D75696E1CE7}.Debug|Any CPU.ActiveCfg = Debug|Any CPU
		{4C164F4E-D6CE-471C-8CF9-4D75696E1CE7}.Debug|Any CPU.Build.0 = Debug|Any CPU
		{4C164F4E-D6CE-471C-8CF9-4D75696E1CE7}.Release|Any CPU.ActiveCfg = Release|Any CPU
		{4C164F4E-D6CE-471C-8CF9-4D75696E1CE7}.Release|Any CPU.Build.0 = Release|Any CPU
	EndGlobalSection
	GlobalSection(SolutionProperties) = preSolution
		HideSolutionNode = FALSE
	EndGlobalSection
	GlobalSection(ExtensibilityGlobals) = postSolution
		SolutionGuid = {D05AF2B8-D456-46A1-87D0-F5D4B5653771}
	EndGlobalSection
EndGlobal
